{
  "name": "uno",
  "version": "0.0.1",
  "lockfileVersion": 1,
  "requires": true,
  "dependencies": {
    "@types/node": {
      "version": "10.3.2",
      "resolved": "http://registry.npm.taobao.org/@types/node/download/@types/node-10.3.2.tgz",
      "integrity": "sha1-OEDsbBJVb92m4ObQNt+FMQHXMqQ=",
      "dev": true
    },
    "@types/node-uuid": {
      "version": "0.0.28",
      "resolved": "http://registry.npm.taobao.org/@types/node-uuid/download/@types/node-uuid-0.0.28.tgz",
      "integrity": "sha1-QWVbXOY7LzN0xOgmtN0h5ykFjj0=",
      "dev": true,
      "requires": {
        "@types/node": "*"
      }
    },
    "@types/shuffle-array": {
      "version": "0.0.28",
      "resolved": "http://registry.npm.taobao.org/@types/shuffle-array/download/@types/shuffle-array-0.0.28.tgz",
      "integrity": "sha1-oeENIKQJ9lKJksR5H6hS/7EOaZY=",
      "dev": true
    },
    "node-uuid": {
      "version": "1.4.8",
      "resolved": "http://registry.npm.taobao.org/node-uuid/download/node-uuid-1.4.8.tgz",
      "integrity": "sha1-sEDrCSOWivq/jTL7HxfxFn/auQc="
    },
    "shuffle-array": {
      "version": "1.0.1",
      "resolved": "http://registry.npm.taobao.org/shuffle-array/download/shuffle-array-1.0.1.tgz",
      "integrity": "sha1-xP88/nTRb5NzBZIwGyXmV3sSiYs="
    }
  }
}
